Microsoft Visual Studio Solution File, Format Version 12.00
# Visual Studio Version 17
VisualStudioVersion = 17.5.2.0
MinimumVisualStudioVersion = 10.0.40219.1
Project("{FAE04EC0-301F-11D3-BF4B-00C04F79EFBC}") = "ProyectoNuevo", "ProyectoNuevo.csproj", "{43467AEA-214C-EAC6-07AD-3EEDDA8B9867}"
EndProject
Global
	GlobalSection(SolutionConfigurationPlatforms) = preSolution
		Debug|Any CPU = Debug|Any CPU
		Release|Any CPU = Release|Any CPU
	EndGlobalSection
	GlobalSection(ProjectConfigurationPlatforms) = postSolution
		{43467AEA-214C-EAC6-07AD-3EEDDA8B9867}.Debug|Any CPU.ActiveCfg = Debug|Any CPU
		{43467AEA-214C-EAC6-07AD-3EEDDA8B9867}.Debug|Any CPU.Build.0 = Debug|Any CPU
		{43467AEA-214C-EAC6-07AD-3EEDDA8B9867}.Release|Any CPU.ActiveCfg = Release|Any CPU
		{43467AEA-214C-EAC6-07AD-3EEDDA8B9867}.Release|Any CPU.Build.0 = Release|Any CPU
	EndGlobalSection
	GlobalSection(SolutionProperties) = preSolution
		HideSolutionNode = FALSE
	EndGlobalSection
	GlobalSection(ExtensibilityGlobals) = postSolution
		SolutionGuid = {896FA1D4-A36E-4901-A3F6-EB7FCFDDBEC2}
	EndGlobalSection
EndGlobal
